
Microsoft Visual Studio Solution File, Format Version 12.00
# Visual Studio Version 16
VisualStudioVersion = 16.0.30114.105
MinimumVisualStudioVersion = 10.0.40219.1
Project("{2150E333-8FDC-42A3-9474-1A3956D46DE8}") = "Clean.ApplicationCore", "Clean.ApplicationCore", "{15E51E07-DBE5-4523-85AA-ED0F5CCB024F}"
EndProject
Project("{2150E333-8FDC-42A3-9474-1A3956D46DE8}") = "Clean.Domain", "Clean.Domain", "{AF8EF289-20E4-4920-879B-25C36B679BFF}"
EndProject
Project("{2150E333-8FDC-42A3-9474-1A3956D46DE8}") = "Clean.Infrastructure.Ioc", "Clean.Infrastructure.Ioc", "{D8E1B014-F531-474B-83F7-0C556C107504}"
EndProject
Project("{2150E333-8FDC-42A3-9474-1A3956D46DE8}") = "Clean.Infrastructure.Data", "Clean.Infrastructure.Data", "{4F62D6E1-9D9B-40EA-9176-EB8FA42DE190}"
EndProject
Project("{2150E333-8FDC-42A3-9474-1A3956D46DE8}") = "Clean.UI", "Clean.UI", "{90173FB5-76E4-4D78-BAB9-8AB388AFBC1A}"
EndProject
Global
	GlobalSection(SolutionProperties) = preSolution
		HideSolutionNode = FALSE
	EndGlobalSection
	GlobalSection(ExtensibilityGlobals) = postSolution
		SolutionGuid = {D02CD820-5A92-4752-B927-22B8A046DCCD}
	EndGlobalSection
EndGlobal
