
Microsoft Visual Studio Solution File, Format Version 12.00
# Visual Studio Version 16
VisualStudioVersion = 16.0.30114.105
MinimumVisualStudioVersion = 10.0.40219.1
Project("{2150E333-8FDC-42A3-9474-1A3956D46DE8}") = "ApplicationCore", "ApplicationCore", "{15E51E07-DBE5-4523-85AA-ED0F5CCB024F}"
EndProject
Project("{2150E333-8FDC-42A3-9474-1A3956D46DE8}") = "Domain", "Domain", "{AF8EF289-20E4-4920-879B-25C36B679BFF}"
EndProject
Project("{2150E333-8FDC-42A3-9474-1A3956D46DE8}") = "Infrastructure.Ioc", "Infrastructure.Ioc", "{D8E1B014-F531-474B-83F7-0C556C107504}"
EndProject
Project("{2150E333-8FDC-42A3-9474-1A3956D46DE8}") = "Infrastructure.Data", "Infrastructure.Data", "{4F62D6E1-9D9B-40EA-9176-EB8FA42DE190}"
EndProject
Project("{2150E333-8FDC-42A3-9474-1A3956D46DE8}") = "Presentation", "Presentation", "{90173FB5-76E4-4D78-BAB9-8AB388AFBC1A}"
EndProject
Project("{9A19103F-16F7-4668-BE54-9A1E7A4F7556}") = "Clean.Mvc", "Clean.Mvc\Clean.Mvc.csproj", "{84C18CA6-50AF-4C10-8842-0B05D010C03E}"
EndProject
Project("{9A19103F-16F7-4668-BE54-9A1E7A4F7556}") = "Clean.Domain", "Clean.Domain\Clean.Domain.csproj", "{F9C650FF-87DA-4B9F-9F65-5962EA19B502}"
EndProject
Project("{FAE04EC0-301F-11D3-BF4B-00C04F79EFBC}") = "Clean.Infrastructure.Data", "Clean.Infrastructure.Data\Clean.Infrastructure.Data.csproj", "{0B4CE6F2-7C6B-4063-8CDD-1989D7AE720C}"
EndProject
Global
	GlobalSection(SolutionConfigurationPlatforms) = preSolution
		Debug|Any CPU = Debug|Any CPU
		Release|Any CPU = Release|Any CPU
	EndGlobalSection
	GlobalSection(ProjectConfigurationPlatforms) = postSolution
		{84C18CA6-50AF-4C10-8842-0B05D010C03E}.Debug|Any CPU.ActiveCfg = Debug|Any CPU
		{84C18CA6-50AF-4C10-8842-0B05D010C03E}.Debug|Any CPU.Build.0 = Debug|Any CPU
		{84C18CA6-50AF-4C10-8842-0B05D010C03E}.Release|Any CPU.ActiveCfg = Release|Any CPU
		{84C18CA6-50AF-4C10-8842-0B05D010C03E}.Release|Any CPU.Build.0 = Release|Any CPU
		{F9C650FF-87DA-4B9F-9F65-5962EA19B502}.Debug|Any CPU.ActiveCfg = Debug|Any CPU
		{F9C650FF-87DA-4B9F-9F65-5962EA19B502}.Debug|Any CPU.Build.0 = Debug|Any CPU
		{F9C650FF-87DA-4B9F-9F65-5962EA19B502}.Release|Any CPU.ActiveCfg = Release|Any CPU
		{F9C650FF-87DA-4B9F-9F65-5962EA19B502}.Release|Any CPU.Build.0 = Release|Any CPU
		{0B4CE6F2-7C6B-4063-8CDD-1989D7AE720C}.Debug|Any CPU.ActiveCfg = Debug|Any CPU
		{0B4CE6F2-7C6B-4063-8CDD-1989D7AE720C}.Debug|Any CPU.Build.0 = Debug|Any CPU
		{0B4CE6F2-7C6B-4063-8CDD-1989D7AE720C}.Release|Any CPU.ActiveCfg = Release|Any CPU
		{0B4CE6F2-7C6B-4063-8CDD-1989D7AE720C}.Release|Any CPU.Build.0 = Release|Any CPU
	EndGlobalSection
	GlobalSection(SolutionProperties) = preSolution
		HideSolutionNode = FALSE
	EndGlobalSection
	GlobalSection(NestedProjects) = preSolution
		{84C18CA6-50AF-4C10-8842-0B05D010C03E} = {90173FB5-76E4-4D78-BAB9-8AB388AFBC1A}
		{F9C650FF-87DA-4B9F-9F65-5962EA19B502} = {AF8EF289-20E4-4920-879B-25C36B679BFF}
		{0B4CE6F2-7C6B-4063-8CDD-1989D7AE720C} = {4F62D6E1-9D9B-40EA-9176-EB8FA42DE190}
	EndGlobalSection
	GlobalSection(ExtensibilityGlobals) = postSolution
		SolutionGuid = {D02CD820-5A92-4752-B927-22B8A046DCCD}
	EndGlobalSection
EndGlobal
